# THIS IS AN AUTOGENERATED FILE. DO NOT EDIT THIS FILE DIRECTLY.
# yarn lockfile v1


"@phenomnomnominal/tsquery@^4.0.0":
  version "4.0.0"
  resolved "https://registry.yarnpkg.com/@phenomnomnominal/tsquery/-/tsquery-4.0.0.tgz#610e8ac968137e4a0f98c842c919bb8ad0e85718"
  integrity sha512-s2Yet/MCj9Jh6nR6GfldrUPT6Y+aM1jIAdiKcOKEzmeKALT0Tc7SFIkYP3KvzjzbkKK5W7BiJ3cWy2UOa4ITbw==
  dependencies:
    esquery "^1.0.1"

esquery@^1.0.1:
  version "1.0.1"
  resolved "https://registry.yarnpkg.com/esquery/-/esquery-1.0.1.tgz#406c51658b1f5991a5f9b62b1dc25b00e3e5c708"
  integrity sha512-SmiyZ5zIWH9VM+SRUReLS5Q8a7GxtRdxEBVZpm98rJM7Sb+A9DVCndXfkeFUd3byderg+EbDkfnevfCwynWaNA==
  dependencies:
    estraverse "^4.0.0"

estraverse@^4.0.0:
  version "4.3.0"
  resolved "https://registry.yarnpkg.com/estraverse/-/estraverse-4.3.0.tgz#398ad3f3c5a24948be7725e83d11a7de28cdbd1d"
  integrity sha512-39nnKffWz8xN1BU/2c79n9nB9HDzo0niYUqx6xyqUnyoAnQyyWpOTdZEeiCch8BBu515t4wp9ZmgVfVhn9EBpw==

node-watch@^0.6.3:
  version "0.6.3"
  resolved "https://registry.yarnpkg.com/node-watch/-/node-watch-0.6.3.tgz#9abf739ae0638435be6c0d1c99d4dc2e53df7317"
  integrity sha512-InVPsg51EemnMVH3fvrrSVgqVBMlksZ/mK7ZDWx/NuWdNQi28wcVJX1/BP38alraPFXbRi9jZ35OfK4Ra7l8Bg==

typescript@^3.7.3:
  version "3.7.3"
  resolved "https://registry.yarnpkg.com/typescript/-/typescript-3.7.3.tgz#b36840668a16458a7025b9eabfad11b66ab85c69"
  integrity sha512-Mcr/Qk7hXqFBXMN7p7Lusj1ktCBydylfQM/FZCk5glCNQJrCUKPkMHdo9R0MTFWsC/4kPFvDS0fDPvukfCkFsw==
